// !$*UTF8*$!
{
	archiveVersion = 1;
	classes = {
	};
	objectVersion = 46;
	objects = {

/* Begin PBXBuildFile section */
		E451D702179AD5AC00A68C64 /* UIKit.framework in Frameworks */ = {isa = PBXBuildFile; fileRef = E451D701179AD5AC00A68C64 /* UIKit.framework */; };
		E451D704179AD5AC00A68C64 /* Foundation.framework in Frameworks */ = {isa = PBXBuildFile; fileRef = E451D703179AD5AC00A68C64 /* Foundation.framework */; };
		E451D706179AD5AC00A68C64 /* CoreGraphics.framework in Frameworks */ = {isa = PBXBuildFile; fileRef = E451D705179AD5AC00A68C64 /* CoreGraphics.framework */; };
		E451D70C179AD5AC00A68C64 /* InfoPlist.strings in Resources */ = {isa = PBXBuildFile; fileRef = E451D70A179AD5AC00A68C64 /* InfoPlist.strings */; };
		E451D70E179AD5AC00A68C64 /* main.m in Sources */ = {isa = PBXBuildFile; fileRef = E451D70D179AD5AC00A68C64 /* main.m */; };
		E451D712179AD5AC00A68C64 /* AppDelegate.m in Sources */ = {isa = PBXBuildFile; fileRef = E451D711179AD5AC00A68C64 /* AppDelegate.m */; };
		E451D714179AD5AC00A68C64 /* Default.png in Resources */ = {isa = PBXBuildFile; fileRef = E451D713179AD5AC00A68C64 /* Default.png */; };
		E451D716179AD5AC00A68C64 /* Default@2x.png in Resources */ = {isa = PBXBuildFile; fileRef = E451D715179AD5AC00A68C64 /* Default@2x.png */; };
		E451D718179AD5AC00A68C64 /* Default-568h@2x.png in Resources */ = {isa = PBXBuildFile; fileRef = E451D717179AD5AC00A68C64 /* Default-568h@2x.png */; };
		E451D71B179AD5AC00A68C64 /* MainStoryboard_iPhone.storyboard in Resources */ = {isa = PBXBuildFile; fileRef = E451D719179AD5AC00A68C64 /* MainStoryboard_iPhone.storyboard */; };
		E451D71E179AD5AC00A68C64 /* MainStoryboard_iPad.storyboard in Resources */ = {isa = PBXBuildFile; fileRef = E451D71C179AD5AC00A68C64 /* MainStoryboard_iPad.storyboard */; };
		E451D721179AD5AC00A68C64 /* ViewController.m in Sources */ = {isa = PBXBuildFile; fileRef = E451D720179AD5AC00A68C64 /* ViewController.m */; };
		E451D729179AD69D00A68C64 /* ninja-turtles-in-the-shadow-wallpaper-1280x1024.jpg in Resources */ = {isa = PBXBuildFile; fileRef = E451D728179AD69D00A68C64 /* ninja-turtles-in-the-shadow-wallpaper-1280x1024.jpg */; };
		E451D732179ADFC500A68C64 /* MBDispatch.m in Sources */ = {isa = PBXBuildFile; fileRef = E451D72C179ADFC500A68C64 /* MBDispatch.m */; };
		E451D733179ADFC500A68C64 /* MBGlobalDefaults.m in Sources */ = {isa = PBXBuildFile; fileRef = E451D72E179ADFC500A68C64 /* MBGlobalDefaults.m */; };
		E451D734179ADFC500A68C64 /* MBProgressHUD.m in Sources */ = {isa = PBXBuildFile; fileRef = E451D731179ADFC500A68C64 /* MBProgressHUD.m */; };
		E451D748179AE01800A68C64 /* GradientButton.m in Sources */ = {isa = PBXBuildFile; fileRef = E451D737179AE01800A68C64 /* GradientButton.m */; };
		E451D749179AE01800A68C64 /* MBNSString.m in Sources */ = {isa = PBXBuildFile; fileRef = E451D739179AE01800A68C64 /* MBNSString.m */; };
		E451D74A179AE01800A68C64 /* NSArrayAdditions.m in Sources */ = {isa = PBXBuildFile; fileRef = E451D73B179AE01800A68C64 /* NSArrayAdditions.m */; };
		E451D74B179AE01800A68C64 /* NSDictionaryAdditions.m in Sources */ = {isa = PBXBuildFile; fileRef = E451D73D179AE01800A68C64 /* NSDictionaryAdditions.m */; };
		E451D74D179AE01800A68C64 /* NSMutableArrayStack.m in Sources */ = {isa = PBXBuildFile; fileRef = E451D741179AE01800A68C64 /* NSMutableArrayStack.m */; };
		E451D74E179AE01800A68C64 /* ObjectToDictionary.m in Sources */ = {isa = PBXBuildFile; fileRef = E451D743179AE01800A68C64 /* ObjectToDictionary.m */; };
		E451D74F179AE01800A68C64 /* UIScrollViewAdditions.m in Sources */ = {isa = PBXBuildFile; fileRef = E451D745179AE01800A68C64 /* UIScrollViewAdditions.m */; };
		E451D750179AE01800A68C64 /* UIViewAdditions.m in Sources */ = {isa = PBXBuildFile; fileRef = E451D747179AE01800A68C64 /* UIViewAdditions.m */; };
		E451D753179AE98200A68C64 /* UIImageViewAdditions.m in Sources */ = {isa = PBXBuildFile; fileRef = E451D752179AE98200A68C64 /* UIImageViewAdditions.m */; };
/* End PBXBuildFile section */

/* Begin PBXFileReference section */
		E451D6FE179AD5AC00A68C64 /* ZoomTag.app */ = {isa = PBXFileReference; explicitFileType = wrapper.application; includeInIndex = 0; path = ZoomTag.app; sourceTree = BUILT_PRODUCTS_DIR; };
		E451D701179AD5AC00A68C64 /* UIKit.framework */ = {isa = PBXFileReference; lastKnownFileType = wrapper.framework; name = UIKit.framework; path = System/Library/Frameworks/UIKit.framework; sourceTree = SDKROOT; };
		E451D703179AD5AC00A68C64 /* Foundation.framework */ = {isa = PBXFileReference; lastKnownFileType = wrapper.framework; name = Foundation.framework; path = System/Library/Frameworks/Foundation.framework; sourceTree = SDKROOT; };
		E451D705179AD5AC00A68C64 /* CoreGraphics.framework */ = {isa = PBXFileReference; lastKnownFileType = wrapper.framework; name = CoreGraphics.framework; path = System/Library/Frameworks/CoreGraphics.framework; sourceTree = SDKROOT; };
		E451D709179AD5AC00A68C64 /* ZoomTag-Info.plist */ = {isa = PBXFileReference; lastKnownFileType = text.plist.xml; path = "ZoomTag-Info.plist"; sourceTree = "<group>"; };
		E451D70B179AD5AC00A68C64 /* en */ = {isa = PBXFileReference; lastKnownFileType = text.plist.strings; name = en; path = en.lproj/InfoPlist.strings; sourceTree = "<group>"; };
		E451D70D179AD5AC00A68C64 /* main.m */ = {isa = PBXFileReference; lastKnownFileType = sourcecode.c.objc; path = main.m; sourceTree = "<group>"; };
		E451D70F179AD5AC00A68C64 /* ZoomTag-Prefix.pch */ = {isa = PBXFileReference; lastKnownFileType = sourcecode.c.h; path = "ZoomTag-Prefix.pch"; sourceTree = "<group>"; };
		E451D710179AD5AC00A68C64 /* AppDelegate.h */ = {isa = PBXFileReference; lastKnownFileType = sourcecode.c.h; name = AppDelegate.h; path = ZoomTag/AppDelegate.h; sourceTree = "<group>"; };
		E451D711179AD5AC00A68C64 /* AppDelegate.m */ = {isa = PBXFileReference; lastKnownFileType = sourcecode.c.objc; name = AppDelegate.m; path = ZoomTag/AppDelegate.m; sourceTree = "<group>"; };
		E451D713179AD5AC00A68C64 /* Default.png */ = {isa = PBXFileReference; lastKnownFileType = image.png; path = Default.png; sourceTree = "<group>"; };
		E451D715179AD5AC00A68C64 /* Default@2x.png */ = {isa = PBXFileReference; lastKnownFileType = image.png; path = "Default@2x.png"; sourceTree = "<group>"; };
		E451D717179AD5AC00A68C64 /* Default-568h@2x.png */ = {isa = PBXFileReference; lastKnownFileType = image.png; path = "Default-568h@2x.png"; sourceTree = "<group>"; };
		E451D71A179AD5AC00A68C64 /* en */ = {isa = PBXFileReference; lastKnownFileType = file.storyboard; name = en; path = en.lproj/MainStoryboard_iPhone.storyboard; sourceTree = "<group>"; };
		E451D71D179AD5AC00A68C64 /* en */ = {isa = PBXFileReference; lastKnownFileType = file.storyboard; name = en; path = en.lproj/MainStoryboard_iPad.storyboard; sourceTree = "<group>"; };
		E451D71F179AD5AC00A68C64 /* ViewController.h */ = {isa = PBXFileReference; lastKnownFileType = sourcecode.c.h; name = ViewController.h; path = ZoomTag/ViewController.h; sourceTree = "<group>"; };
		E451D720179AD5AC00A68C64 /* ViewController.m */ = {isa = PBXFileReference; lastKnownFileType = sourcecode.c.objc; name = ViewController.m; path = ZoomTag/ViewController.m; sourceTree = "<group>"; };
		E451D728179AD69D00A68C64 /* ninja-turtles-in-the-shadow-wallpaper-1280x1024.jpg */ = {isa = PBXFileReference; lastKnownFileType = image.jpeg; path = "ninja-turtles-in-the-shadow-wallpaper-1280x1024.jpg"; sourceTree = "<group>"; };
		E451D72B179ADFC500A68C64 /* MBDispatch.h */ = {isa = PBXFileReference; fileEncoding = 4; lastKnownFileType = sourcecode.c.h; path = MBDispatch.h; sourceTree = "<group>"; };
		E451D72C179ADFC500A68C64 /* MBDispatch.m */ = {isa = PBXFileReference; fileEncoding = 4; lastKnownFileType = sourcecode.c.objc; path = MBDispatch.m; sourceTree = "<group>"; };
		E451D72D179ADFC500A68C64 /* MBGlobalDefaults.h */ = {isa = PBXFileReference; fileEncoding = 4; lastKnownFileType = sourcecode.c.h; path = MBGlobalDefaults.h; sourceTree = "<group>"; };
		E451D72E179ADFC500A68C64 /* MBGlobalDefaults.m */ = {isa = PBXFileReference; fileEncoding = 4; lastKnownFileType = sourcecode.c.objc; path = MBGlobalDefaults.m; sourceTree = "<group>"; };
		E451D72F179ADFC500A68C64 /* MBLog.h */ = {isa = PBXFileReference; fileEncoding = 4; lastKnownFileType = sourcecode.c.h; path = MBLog.h; sourceTree = "<group>"; };
		E451D730179ADFC500A68C64 /* MBProgressHUD.h */ = {isa = PBXFileReference; fileEncoding = 4; lastKnownFileType = sourcecode.c.h; path = MBProgressHUD.h; sourceTree = "<group>"; };
		E451D731179ADFC500A68C64 /* MBProgressHUD.m */ = {isa = PBXFileReference; fileEncoding = 4; lastKnownFileType = sourcecode.c.objc; path = MBProgressHUD.m; sourceTree = "<group>"; };
		E451D736179AE01800A68C64 /* GradientButton.h */ = {isa = PBXFileReference; fileEncoding = 4; lastKnownFileType = sourcecode.c.h; path = GradientButton.h; sourceTree = "<group>"; };
		E451D737179AE01800A68C64 /* GradientButton.m */ = {isa = PBXFileReference; fileEncoding = 4; lastKnownFileType = sourcecode.c.objc; path = GradientButton.m; sourceTree = "<group>"; };
		E451D738179AE01800A68C64 /* MBNSString.h */ = {isa = PBXFileReference; fileEncoding = 4; lastKnownFileType = sourcecode.c.h; path = MBNSString.h; sourceTree = "<group>"; };
		E451D739179AE01800A68C64 /* MBNSString.m */ = {isa = PBXFileReference; fileEncoding = 4; lastKnownFileType = sourcecode.c.objc; path = MBNSString.m; sourceTree = "<group>"; };
		E451D73A179AE01800A68C64 /* NSArrayAdditions.h */ = {isa = PBXFileReference; fileEncoding = 4; lastKnownFileType = sourcecode.c.h; path = NSArrayAdditions.h; sourceTree = "<group>"; };
		E451D73B179AE01800A68C64 /* NSArrayAdditions.m */ = {isa = PBXFileReference; fileEncoding = 4; lastKnownFileType = sourcecode.c.objc; path = NSArrayAdditions.m; sourceTree = "<group>"; };
		E451D73C179AE01800A68C64 /* NSDictionaryAdditions.h */ = {isa = PBXFileReference; fileEncoding = 4; lastKnownFileType = sourcecode.c.h; path = NSDictionaryAdditions.h; sourceTree = "<group>"; };
		E451D73D179AE01800A68C64 /* NSDictionaryAdditions.m */ = {isa = PBXFileReference; fileEncoding = 4; lastKnownFileType = sourcecode.c.objc; path = NSDictionaryAdditions.m; sourceTree = "<group>"; };
		E451D740179AE01800A68C64 /* NSMutableArrayStack.h */ = {isa = PBXFileReference; fileEncoding = 4; lastKnownFileType = sourcecode.c.h; path = NSMutableArrayStack.h; sourceTree = "<group>"; };
		E451D741179AE01800A68C64 /* NSMutableArrayStack.m */ = {isa = PBXFileReference; fileEncoding = 4; lastKnownFileType = sourcecode.c.objc; path = NSMutableArrayStack.m; sourceTree = "<group>"; };
		E451D742179AE01800A68C64 /* ObjectToDictionary.h */ = {isa = PBXFileReference; fileEncoding = 4; lastKnownFileType = sourcecode.c.h; path = ObjectToDictionary.h; sourceTree = "<group>"; };
		E451D743179AE01800A68C64 /* ObjectToDictionary.m */ = {isa = PBXFileReference; fileEncoding = 4; lastKnownFileType = sourcecode.c.objc; path = ObjectToDictionary.m; sourceTree = "<group>"; };
		E451D744179AE01800A68C64 /* UIScrollViewAdditions.h */ = {isa = PBXFileReference; fileEncoding = 4; lastKnownFileType = sourcecode.c.h; path = UIScrollViewAdditions.h; sourceTree = "<group>"; };
		E451D745179AE01800A68C64 /* UIScrollViewAdditions.m */ = {isa = PBXFileReference; fileEncoding = 4; lastKnownFileType = sourcecode.c.objc; path = UIScrollViewAdditions.m; sourceTree = "<group>"; };
		E451D746179AE01800A68C64 /* UIViewAdditions.h */ = {isa = PBXFileReference; fileEncoding = 4; lastKnownFileType = sourcecode.c.h; path = UIViewAdditions.h; sourceTree = "<group>"; };
		E451D747179AE01800A68C64 /* UIViewAdditions.m */ = {isa = PBXFileReference; fileEncoding = 4; lastKnownFileType = sourcecode.c.objc; path = UIViewAdditions.m; sourceTree = "<group>"; };
		E451D751179AE98200A68C64 /* UIImageViewAdditions.h */ = {isa = PBXFileReference; fileEncoding = 4; lastKnownFileType = sourcecode.c.h; path = UIImageViewAdditions.h; sourceTree = "<group>"; };
		E451D752179AE98200A68C64 /* UIImageViewAdditions.m */ = {isa = PBXFileReference; fileEncoding = 4; lastKnownFileType = sourcecode.c.objc; path = UIImageViewAdditions.m; sourceTree = "<group>"; };
/* End PBXFileReference section */

/* Begin PBXFrameworksBuildPhase section */
		E451D6FB179AD5AC00A68C64 /* Frameworks */ = {
			isa = PBXFrameworksBuildPhase;
			buildActionMask = 2147483647;
			files = (
				E451D702179AD5AC00A68C64 /* UIKit.framework in Frameworks */,
				E451D704179AD5AC00A68C64 /* Foundation.framework in Frameworks */,
				E451D706179AD5AC00A68C64 /* CoreGraphics.framework in Frameworks */,
			);
			runOnlyForDeploymentPostprocessing = 0;
		};
/* End PBXFrameworksBuildPhase section */

/* Begin PBXGroup section */
		E451D6F5179AD5AC00A68C64 = {
			isa = PBXGroup;
			children = (
				E451D727179AD61400A68C64 /* View Controllers */,
				E451D707179AD5AC00A68C64 /* ZoomTag */,
				E451D700179AD5AC00A68C64 /* Frameworks */,
				E451D6FF179AD5AC00A68C64 /* Products */,
				E451D728179AD69D00A68C64 /* ninja-turtles-in-the-shadow-wallpaper-1280x1024.jpg */,
				E451D72A179ADFC500A68C64 /* Dependencies */,
			);
			sourceTree = "<group>";
		};
		E451D6FF179AD5AC00A68C64 /* Products */ = {
			isa = PBXGroup;
			children = (
				E451D6FE179AD5AC00A68C64 /* ZoomTag.app */,
			);
			name = Products;
			sourceTree = "<group>";
		};
		E451D700179AD5AC00A68C64 /* Frameworks */ = {
			isa = PBXGroup;
			children = (
				E451D701179AD5AC00A68C64 /* UIKit.framework */,
				E451D703179AD5AC00A68C64 /* Foundation.framework */,
				E451D705179AD5AC00A68C64 /* CoreGraphics.framework */,
			);
			name = Frameworks;
			sourceTree = "<group>";
		};
		E451D707179AD5AC00A68C64 /* ZoomTag */ = {
			isa = PBXGroup;
			children = (
				E451D719179AD5AC00A68C64 /* MainStoryboard_iPhone.storyboard */,
				E451D71C179AD5AC00A68C64 /* MainStoryboard_iPad.storyboard */,
				E451D708179AD5AC00A68C64 /* Supporting Files */,
			);
			path = ZoomTag;
			sourceTree = "<group>";
		};
		E451D708179AD5AC00A68C64 /* Supporting Files */ = {
			isa = PBXGroup;
			children = (
				E451D709179AD5AC00A68C64 /* ZoomTag-Info.plist */,
				E451D70A179AD5AC00A68C64 /* InfoPlist.strings */,
				E451D70D179AD5AC00A68C64 /* main.m */,
				E451D70F179AD5AC00A68C64 /* ZoomTag-Prefix.pch */,
				E451D713179AD5AC00A68C64 /* Default.png */,
				E451D715179AD5AC00A68C64 /* Default@2x.png */,
				E451D717179AD5AC00A68C64 /* Default-568h@2x.png */,
			);
			name = "Supporting Files";
			sourceTree = "<group>";
		};
		E451D727179AD61400A68C64 /* View Controllers */ = {
			isa = PBXGroup;
			children = (
				E451D710179AD5AC00A68C64 /* AppDelegate.h */,
				E451D711179AD5AC00A68C64 /* AppDelegate.m */,
				E451D71F179AD5AC00A68C64 /* ViewController.h */,
				E451D720179AD5AC00A68C64 /* ViewController.m */,
			);
			name = "View Controllers";
			sourceTree = "<group>";
		};
		E451D72A179ADFC500A68C64 /* Dependencies */ = {
			isa = PBXGroup;
			children = (
				E451D735179AE01800A68C64 /* libAdditions */,
				E451D72B179ADFC500A68C64 /* MBDispatch.h */,
				E451D72C179ADFC500A68C64 /* MBDispatch.m */,
				E451D72D179ADFC500A68C64 /* MBGlobalDefaults.h */,
				E451D72E179ADFC500A68C64 /* MBGlobalDefaults.m */,
				E451D72F179ADFC500A68C64 /* MBLog.h */,
				E451D730179ADFC500A68C64 /* MBProgressHUD.h */,
				E451D731179ADFC500A68C64 /* MBProgressHUD.m */,
			);
			path = Dependencies;
			sourceTree = "<group>";
		};
		E451D735179AE01800A68C64 /* libAdditions */ = {
			isa = PBXGroup;
			children = (
				E451D736179AE01800A68C64 /* GradientButton.h */,
				E451D737179AE01800A68C64 /* GradientButton.m */,
				E451D738179AE01800A68C64 /* MBNSString.h */,
				E451D739179AE01800A68C64 /* MBNSString.m */,
				E451D73A179AE01800A68C64 /* NSArrayAdditions.h */,
				E451D73B179AE01800A68C64 /* NSArrayAdditions.m */,
				E451D73C179AE01800A68C64 /* NSDictionaryAdditions.h */,
				E451D73D179AE01800A68C64 /* NSDictionaryAdditions.m */,
				E451D740179AE01800A68C64 /* NSMutableArrayStack.h */,
				E451D741179AE01800A68C64 /* NSMutableArrayStack.m */,
				E451D742179AE01800A68C64 /* ObjectToDictionary.h */,
				E451D743179AE01800A68C64 /* ObjectToDictionary.m */,
				E451D744179AE01800A68C64 /* UIScrollViewAdditions.h */,
				E451D745179AE01800A68C64 /* UIScrollViewAdditions.m */,
				E451D746179AE01800A68C64 /* UIViewAdditions.h */,
				E451D747179AE01800A68C64 /* UIViewAdditions.m */,
				E451D751179AE98200A68C64 /* UIImageViewAdditions.h */,
				E451D752179AE98200A68C64 /* UIImageViewAdditions.m */,
			);
			path = libAdditions;
			sourceTree = "<group>";
		};
/* End PBXGroup section */

/* Begin PBXNativeTarget section */
		E451D6FD179AD5AC00A68C64 /* ZoomTag */ = {
			isa = PBXNativeTarget;
			buildConfigurationList = E451D724179AD5AC00A68C64 /* Build configuration list for PBXNativeTarget "ZoomTag" */;
			buildPhases = (
				E451D6FA179AD5AC00A68C64 /* Sources */,
				E451D6FB179AD5AC00A68C64 /* Frameworks */,
				E451D6FC179AD5AC00A68C64 /* Resources */,
			);
			buildRules = (
			);
			dependencies = (
			);
			name = ZoomTag;
			productName = ZoomTag;
			productReference = E451D6FE179AD5AC00A68C64 /* ZoomTag.app */;
			productType = "com.apple.product-type.application";
		};
/* End PBXNativeTarget section */

/* Begin PBXProject section */
		E451D6F6179AD5AC00A68C64 /* Project object */ = {
			isa = PBXProject;
			attributes = {
				LastUpgradeCheck = 0460;
				ORGANIZATIONNAME = "Shinobi Devs";
			};
			buildConfigurationList = E451D6F9179AD5AC00A68C64 /* Build configuration list for PBXProject "ZoomTag" */;
			compatibilityVersion = "Xcode 3.2";
			developmentRegion = English;
			hasScannedForEncodings = 0;
			knownRegions = (
				en,
			);
			mainGroup = E451D6F5179AD5AC00A68C64;
			productRefGroup = E451D6FF179AD5AC00A68C64 /* Products */;
			projectDirPath = "";
			projectRoot = "";
			targets = (
				E451D6FD179AD5AC00A68C64 /* ZoomTag */,
			);
		};
/* End PBXProject section */

/* Begin PBXResourcesBuildPhase section */
		E451D6FC179AD5AC00A68C64 /* Resources */ = {
			isa = PBXResourcesBuildPhase;
			buildActionMask = 2147483647;
			files = (
				E451D70C179AD5AC00A68C64 /* InfoPlist.strings in Resources */,
				E451D714179AD5AC00A68C64 /* Default.png in Resources */,
				E451D716179AD5AC00A68C64 /* Default@2x.png in Resources */,
				E451D718179AD5AC00A68C64 /* Default-568h@2x.png in Resources */,
				E451D71B179AD5AC00A68C64 /* MainStoryboard_iPhone.storyboard in Resources */,
				E451D71E179AD5AC00A68C64 /* MainStoryboard_iPad.storyboard in Resources */,
				E451D729179AD69D00A68C64 /* ninja-turtles-in-the-shadow-wallpaper-1280x1024.jpg in Resources */,
			);
			runOnlyForDeploymentPostprocessing = 0;
		};
/* End PBXResourcesBuildPhase section */

/* Begin PBXSourcesBuildPhase section */
		E451D6FA179AD5AC00A68C64 /* Sources */ = {
			isa = PBXSourcesBuildPhase;
			buildActionMask = 2147483647;
			files = (
				E451D70E179AD5AC00A68C64 /* main.m in Sources */,
				E451D712179AD5AC00A68C64 /* AppDelegate.m in Sources */,
				E451D721179AD5AC00A68C64 /* ViewController.m in Sources */,
				E451D732179ADFC500A68C64 /* MBDispatch.m in Sources */,
				E451D733179ADFC500A68C64 /* MBGlobalDefaults.m in Sources */,
				E451D734179ADFC500A68C64 /* MBProgressHUD.m in Sources */,
				E451D748179AE01800A68C64 /* GradientButton.m in Sources */,
				E451D749179AE01800A68C64 /* MBNSString.m in Sources */,
				E451D74A179AE01800A68C64 /* NSArrayAdditions.m in Sources */,
				E451D74B179AE01800A68C64 /* NSDictionaryAdditions.m in Sources */,
				E451D74D179AE01800A68C64 /* NSMutableArrayStack.m in Sources */,
				E451D74E179AE01800A68C64 /* ObjectToDictionary.m in Sources */,
				E451D74F179AE01800A68C64 /* UIScrollViewAdditions.m in Sources */,
				E451D750179AE01800A68C64 /* UIViewAdditions.m in Sources */,
				E451D753179AE98200A68C64 /* UIImageViewAdditions.m in Sources */,
			);
			runOnlyForDeploymentPostprocessing = 0;
		};
/* End PBXSourcesBuildPhase section */

/* Begin PBXVariantGroup section */
		E451D70A179AD5AC00A68C64 /* InfoPlist.strings */ = {
			isa = PBXVariantGroup;
			children = (
				E451D70B179AD5AC00A68C64 /* en */,
			);
			name = InfoPlist.strings;
			sourceTree = "<group>";
		};
		E451D719179AD5AC00A68C64 /* MainStoryboard_iPhone.storyboard */ = {
			isa = PBXVariantGroup;
			children = (
				E451D71A179AD5AC00A68C64 /* en */,
			);
			name = MainStoryboard_iPhone.storyboard;
			sourceTree = "<group>";
		};
		E451D71C179AD5AC00A68C64 /* MainStoryboard_iPad.storyboard */ = {
			isa = PBXVariantGroup;
			children = (
				E451D71D179AD5AC00A68C64 /* en */,
			);
			name = MainStoryboard_iPad.storyboard;
			sourceTree = "<group>";
		};
/* End PBXVariantGroup section */

/* Begin XCBuildConfiguration section */
		E451D722179AD5AC00A68C64 /* Debug */ = {
			isa = XCBuildConfiguration;
			buildSettings = {
				ALWAYS_SEARCH_USER_PATHS = NO;
				CLANG_CXX_LANGUAGE_STANDARD = "gnu++0x";
				CLANG_CXX_LIBRARY = "libc++";
				CLANG_ENABLE_OBJC_ARC = YES;
				CLANG_WARN_CONSTANT_CONVERSION = YES;
				CLANG_WARN_EMPTY_BODY = YES;
				CLANG_WARN_ENUM_CONVERSION = YES;
				CLANG_WARN_INT_CONVERSION = YES;
				CLANG_WARN__DUPLICATE_METHOD_MATCH = YES;
				"CODE_SIGN_IDENTITY[sdk=iphoneos*]" = "iPhone Developer";
				COPY_PHASE_STRIP = NO;
				GCC_C_LANGUAGE_STANDARD = gnu99;
				GCC_DYNAMIC_NO_PIC = NO;
				GCC_OPTIMIZATION_LEVEL = 0;
				GCC_PREPROCESSOR_DEFINITIONS = (
					"DEBUG=1",
					"$(inherited)",
				);
				GCC_SYMBOLS_PRIVATE_EXTERN = NO;
				GCC_WARN_ABOUT_RETURN_TYPE = YES;
				GCC_WARN_UNINITIALIZED_AUTOS = YES;
				GCC_WARN_UNUSED_VARIABLE = YES;
				IPHONEOS_DEPLOYMENT_TARGET = 6.1;
				ONLY_ACTIVE_ARCH = YES;
				SDKROOT = iphoneos;
				TARGETED_DEVICE_FAMILY = "1,2";
			};
			name = Debug;
		};
		E451D723179AD5AC00A68C64 /* Release */ = {
			isa = XCBuildConfiguration;
			buildSettings = {
				ALWAYS_SEARCH_USER_PATHS = NO;
				CLANG_CXX_LANGUAGE_STANDARD = "gnu++0x";
				CLANG_CXX_LIBRARY = "libc++";
				CLANG_ENABLE_OBJC_ARC = YES;
				CLANG_WARN_CONSTANT_CONVERSION = YES;
				CLANG_WARN_EMPTY_BODY = YES;
				CLANG_WARN_ENUM_CONVERSION = YES;
				CLANG_WARN_INT_CONVERSION = YES;
				CLANG_WARN__DUPLICATE_METHOD_MATCH = YES;
				"CODE_SIGN_IDENTITY[sdk=iphoneos*]" = "iPhone Developer";
				COPY_PHASE_STRIP = YES;
				GCC_C_LANGUAGE_STANDARD = gnu99;
				GCC_WARN_ABOUT_RETURN_TYPE = YES;
				GCC_WARN_UNINITIALIZED_AUTOS = YES;
				GCC_WARN_UNUSED_VARIABLE = YES;
				IPHONEOS_DEPLOYMENT_TARGET = 6.1;
				OTHER_CFLAGS = "-DNS_BLOCK_ASSERTIONS=1";
				SDKROOT = iphoneos;
				TARGETED_DEVICE_FAMILY = "1,2";
				VALIDATE_PRODUCT = YES;
			};
			name = Release;
		};
		E451D725179AD5AC00A68C64 /* Debug */ = {
			isa = XCBuildConfiguration;
			buildSettings = {
				GCC_PRECOMPILE_PREFIX_HEADER = YES;
				GCC_PREFIX_HEADER = "ZoomTag/ZoomTag-Prefix.pch";
				INFOPLIST_FILE = "ZoomTag/ZoomTag-Info.plist";
				PRODUCT_NAME = "$(TARGET_NAME)";
				WRAPPER_EXTENSION = app;
			};
			name = Debug;
		};
		E451D726179AD5AC00A68C64 /* Release */ = {
			isa = XCBuildConfiguration;
			buildSettings = {
				GCC_PRECOMPILE_PREFIX_HEADER = YES;
				GCC_PREFIX_HEADER = "ZoomTag/ZoomTag-Prefix.pch";
				INFOPLIST_FILE = "ZoomTag/ZoomTag-Info.plist";
				PRODUCT_NAME = "$(TARGET_NAME)";
				WRAPPER_EXTENSION = app;
			};
			name = Release;
		};
/* End XCBuildConfiguration section */

/* Begin XCConfigurationList section */
		E451D6F9179AD5AC00A68C64 /* Build configuration list for PBXProject "ZoomTag" */ = {
			isa = XCConfigurationList;
			buildConfigurations = (
				E451D722179AD5AC00A68C64 /* Debug */,
				E451D723179AD5AC00A68C64 /* Release */,
			);
			defaultConfigurationIsVisible = 0;
			defaultConfigurationName = Release;
		};
		E451D724179AD5AC00A68C64 /* Build configuration list for PBXNativeTarget "ZoomTag" */ = {
			isa = XCConfigurationList;
			buildConfigurations = (
				E451D725179AD5AC00A68C64 /* Debug */,
				E451D726179AD5AC00A68C64 /* Release */,
			);
			defaultConfigurationIsVisible = 0;
			defaultConfigurationName = Release;
		};
/* End XCConfigurationList section */
	};
	rootObject = E451D6F6179AD5AC00A68C64 /* Project object */;
}
